{
  "meteor": {},
  "dependencies": {
    "basePackages": {
      "accounts-foursquare": {}
    },
    "packages": {
      "accounts-foursquare": {
        "git": "https://github.com/pius/meteor-accounts-foursquare.git",
        "tag": "v1.0.1",
        "commit": "75db036bb2c4c3ddb0a15715f847e71f6e7b4d1a"
      },
      "foursquare": {
        "git": "https://github.com/SimonEngelhardt/meteor-foursquare.git",
        "tag": "v0.0.1",
        "commit": "e3b97720ba476d9b8fbee002f533fd0e749c90da"
      }
    }
  }
}
